
Microsoft Visual Studio Solution File, Format Version 12.00
# Visual Studio Version 16
VisualStudioVersion = 16.0.30804.86
MinimumVisualStudioVersion = 10.0.40219.1
Project("{9A19103F-16F7-4668-BE54-9A1E7A4F7556}") = "KampIntro", "KampIntro\KampIntro.csproj", "{37B2C7AC-1238-44F2-8581-F1A9B8E33985}"
EndProject
Project("{9A19103F-16F7-4668-BE54-9A1E7A4F7556}") = "Donguler", "Donguler\Donguler.csproj", "{C88215B0-BFF1-4F78-9CF0-8D47E9137320}"
EndProject
Project("{9A19103F-16F7-4668-BE54-9A1E7A4F7556}") = "ClassIntro", "ClassIntro\ClassIntro.csproj", "{E370C58B-F70A-44D1-99FA-3941DE255727}"
EndProject
Project("{9A19103F-16F7-4668-BE54-9A1E7A4F7556}") = "Metotlar", "Metotlar\Metotlar.csproj", "{4D86DAAE-CFC7-45E3-A732-56A281C2305C}"
EndProject
Project("{9A19103F-16F7-4668-BE54-9A1E7A4F7556}") = "Matematik", "Matematik\Matematik.csproj", "{DE1D6A05-DB4B-4B4A-94BB-FC701F19BED0}"
EndProject
Project("{9A19103F-16F7-4668-BE54-9A1E7A4F7556}") = "DegerVeReferansTipler", "DegerVeReferansTipler\DegerVeReferansTipler.csproj", "{D7A1B832-56D6-4CDD-A158-80AAF1DC13EF}"
EndProject
Project("{9A19103F-16F7-4668-BE54-9A1E7A4F7556}") = "OOP1", "OOP1\OOP1.csproj", "{8F0663BD-8957-4302-9D24-2EDF8CFC4836}"
EndProject
Project("{9A19103F-16F7-4668-BE54-9A1E7A4F7556}") = "Koleksiyonlar", "Koleksiyonlar\Koleksiyonlar.csproj", "{3E8F87EE-7200-4206-B26D-7617B8A525B4}"
EndProject
Project("{9A19103F-16F7-4668-BE54-9A1E7A4F7556}") = "GenericsIntro", "GenericsIntro\GenericsIntro.csproj", "{BD99E11C-C0CC-4485-9CFF-6E4BA8A46038}"
EndProject
Project("{FAE04EC0-301F-11D3-BF4B-00C04F79EFBC}") = "Oop2", "Oop2\Oop2.csproj", "{CEDDD849-67AA-402C-AB0D-8875C5658CAA}"
EndProject
Project("{FAE04EC0-301F-11D3-BF4B-00C04F79EFBC}") = "OOP3", "OOP3\OOP3.csproj", "{49AF9B4B-2382-4244-8F5C-B413736D3BF4}"
EndProject
Global
	GlobalSection(SolutionConfigurationPlatforms) = preSolution
		Debug|Any CPU = Debug|Any CPU
		Release|Any CPU = Release|Any CPU
	EndGlobalSection
	GlobalSection(ProjectConfigurationPlatforms) = postSolution
		{37B2C7AC-1238-44F2-8581-F1A9B8E33985}.Debug|Any CPU.ActiveCfg = Debug|Any CPU
		{37B2C7AC-1238-44F2-8581-F1A9B8E33985}.Debug|Any CPU.Build.0 = Debug|Any CPU
		{37B2C7AC-1238-44F2-8581-F1A9B8E33985}.Release|Any CPU.ActiveCfg = Release|Any CPU
		{37B2C7AC-1238-44F2-8581-F1A9B8E33985}.Release|Any CPU.Build.0 = Release|Any CPU
		{C88215B0-BFF1-4F78-9CF0-8D47E9137320}.Debug|Any CPU.ActiveCfg = Debug|Any CPU
		{C88215B0-BFF1-4F78-9CF0-8D47E9137320}.Debug|Any CPU.Build.0 = Debug|Any CPU
		{C88215B0-BFF1-4F78-9CF0-8D47E9137320}.Release|Any CPU.ActiveCfg = Release|Any CPU
		{C88215B0-BFF1-4F78-9CF0-8D47E9137320}.Release|Any CPU.Build.0 = Release|Any CPU
		{E370C58B-F70A-44D1-99FA-3941DE255727}.Debug|Any CPU.ActiveCfg = Debug|Any CPU
		{E370C58B-F70A-44D1-99FA-3941DE255727}.Debug|Any CPU.Build.0 = Debug|Any CPU
		{E370C58B-F70A-44D1-99FA-3941DE255727}.Release|Any CPU.ActiveCfg = Release|Any CPU
		{E370C58B-F70A-44D1-99FA-3941DE255727}.Release|Any CPU.Build.0 = Release|Any CPU
		{4D86DAAE-CFC7-45E3-A732-56A281C2305C}.Debug|Any CPU.ActiveCfg = Debug|Any CPU
		{4D86DAAE-CFC7-45E3-A732-56A281C2305C}.Debug|Any CPU.Build.0 = Debug|Any CPU
		{4D86DAAE-CFC7-45E3-A732-56A281C2305C}.Release|Any CPU.ActiveCfg = Release|Any CPU
		{4D86DAAE-CFC7-45E3-A732-56A281C2305C}.Release|Any CPU.Build.0 = Release|Any CPU
		{DE1D6A05-DB4B-4B4A-94BB-FC701F19BED0}.Debug|Any CPU.ActiveCfg = Debug|Any CPU
		{DE1D6A05-DB4B-4B4A-94BB-FC701F19BED0}.Debug|Any CPU.Build.0 = Debug|Any CPU
		{DE1D6A05-DB4B-4B4A-94BB-FC701F19BED0}.Release|Any CPU.ActiveCfg = Release|Any CPU
		{DE1D6A05-DB4B-4B4A-94BB-FC701F19BED0}.Release|Any CPU.Build.0 = Release|Any CPU
		{D7A1B832-56D6-4CDD-A158-80AAF1DC13EF}.Debug|Any CPU.ActiveCfg = Debug|Any CPU
		{D7A1B832-56D6-4CDD-A158-80AAF1DC13EF}.Debug|Any CPU.Build.0 = Debug|Any CPU
		{D7A1B832-56D6-4CDD-A158-80AAF1DC13EF}.Release|Any CPU.ActiveCfg = Release|Any CPU
		{D7A1B832-56D6-4CDD-A158-80AAF1DC13EF}.Release|Any CPU.Build.0 = Release|Any CPU
		{8F0663BD-8957-4302-9D24-2EDF8CFC4836}.Debug|Any CPU.ActiveCfg = Debug|Any CPU
		{8F0663BD-8957-4302-9D24-2EDF8CFC4836}.Debug|Any CPU.Build.0 = Debug|Any CPU
		{8F0663BD-8957-4302-9D24-2EDF8CFC4836}.Release|Any CPU.ActiveCfg = Release|Any CPU
		{8F0663BD-8957-4302-9D24-2EDF8CFC4836}.Release|Any CPU.Build.0 = Release|Any CPU
		{3E8F87EE-7200-4206-B26D-7617B8A525B4}.Debug|Any CPU.ActiveCfg = Debug|Any CPU
		{3E8F87EE-7200-4206-B26D-7617B8A525B4}.Debug|Any CPU.Build.0 = Debug|Any CPU
		{3E8F87EE-7200-4206-B26D-7617B8A525B4}.Release|Any CPU.ActiveCfg = Release|Any CPU
		{3E8F87EE-7200-4206-B26D-7617B8A525B4}.Release|Any CPU.Build.0 = Release|Any CPU
		{BD99E11C-C0CC-4485-9CFF-6E4BA8A46038}.Debug|Any CPU.ActiveCfg = Debug|Any CPU
		{BD99E11C-C0CC-4485-9CFF-6E4BA8A46038}.Debug|Any CPU.Build.0 = Debug|Any CPU
		{BD99E11C-C0CC-4485-9CFF-6E4BA8A46038}.Release|Any CPU.ActiveCfg = Release|Any CPU
		{BD99E11C-C0CC-4485-9CFF-6E4BA8A46038}.Release|Any CPU.Build.0 = Release|Any CPU
		{CEDDD849-67AA-402C-AB0D-8875C5658CAA}.Debug|Any CPU.ActiveCfg = Debug|Any CPU
		{CEDDD849-67AA-402C-AB0D-8875C5658CAA}.Debug|Any CPU.Build.0 = Debug|Any CPU
		{CEDDD849-67AA-402C-AB0D-8875C5658CAA}.Release|Any CPU.ActiveCfg = Release|Any CPU
		{CEDDD849-67AA-402C-AB0D-8875C5658CAA}.Release|Any CPU.Build.0 = Release|Any CPU
		{49AF9B4B-2382-4244-8F5C-B413736D3BF4}.Debug|Any CPU.ActiveCfg = Debug|Any CPU
		{49AF9B4B-2382-4244-8F5C-B413736D3BF4}.Debug|Any CPU.Build.0 = Debug|Any CPU
		{49AF9B4B-2382-4244-8F5C-B413736D3BF4}.Release|Any CPU.ActiveCfg = Release|Any CPU
		{49AF9B4B-2382-4244-8F5C-B413736D3BF4}.Release|Any CPU.Build.0 = Release|Any CPU
	EndGlobalSection
	GlobalSection(SolutionProperties) = preSolution
		HideSolutionNode = FALSE
	EndGlobalSection
	GlobalSection(ExtensibilityGlobals) = postSolution
		SolutionGuid = {0A1945C7-521B-483A-AA73-C96F8A625E69}
	EndGlobalSection
EndGlobal
